
Microsoft Visual Studio Solution File, Format Version 12.00
# Visual Studio Version 16
VisualStudioVersion = 16.0.30907.101
MinimumVisualStudioVersion = 10.0.40219.1
Project("{FAE04EC0-301F-11D3-BF4B-00C04F79EFBC}") = "PostConcurrencyChecker", "PostConcurrencyChecker\PostConcurrencyChecker.csproj", "{A33338D0-42EA-4C15-BE78-2D72129A0710}"
EndProject
Global
	GlobalSection(SolutionConfigurationPlatforms) = preSolution
		Debug|Any CPU = Debug|Any CPU
		Release|Any CPU = Release|Any CPU
	EndGlobalSection
	GlobalSection(ProjectConfigurationPlatforms) = postSolution
		{A33338D0-42EA-4C15-BE78-2D72129A0710}.Debug|Any CPU.ActiveCfg = Debug|Any CPU
		{A33338D0-42EA-4C15-BE78-2D72129A0710}.Debug|Any CPU.Build.0 = Debug|Any CPU
		{A33338D0-42EA-4C15-BE78-2D72129A0710}.Release|Any CPU.ActiveCfg = Release|Any CPU
		{A33338D0-42EA-4C15-BE78-2D72129A0710}.Release|Any CPU.Build.0 = Release|Any CPU
	EndGlobalSection
	GlobalSection(SolutionProperties) = preSolution
		HideSolutionNode = FALSE
	EndGlobalSection
	GlobalSection(ExtensibilityGlobals) = postSolution
		SolutionGuid = {AD4FF987-810D-4786-9196-5C89BD9DCD41}
	EndGlobalSection
EndGlobal
